// !$*UTF8*$!
{
	archiveVersion = 1;
	classes = {
	};
	objectVersion = 50;
	objects = {

/* Begin PBXBuildFile section */
		A2A2783826BCD8F40054A8AA /* GameSliderApp.swift in Sources */ = {isa = PBXBuildFile; fileRef = A2A2783726BCD8F40054A8AA /* GameSliderApp.swift */; };
		A2A2783A26BCD8F40054A8AA /* MainView.swift in Sources */ = {isa = PBXBuildFile; fileRef = A2A2783926BCD8F40054A8AA /* MainView.swift */; };
		A2A2783C26BCD8F50054A8AA /* Assets.xcassets in Resources */ = {isa = PBXBuildFile; fileRef = A2A2783B26BCD8F50054A8AA /* Assets.xcassets */; };
		A2A2783F26BCD8F50054A8AA /* Preview Assets.xcassets in Resources */ = {isa = PBXBuildFile; fileRef = A2A2783E26BCD8F50054A8AA /* Preview Assets.xcassets */; };
		A2A2784B26BCDA320054A8AA /* Slider.swift in Sources */ = {isa = PBXBuildFile; fileRef = A2A2784A26BCDA320054A8AA /* Slider.swift */; };
		A2A2784E26BCDE0A0054A8AA /* GameSlider.swift in Sources */ = {isa = PBXBuildFile; fileRef = A2A2784D26BCDE0A0054A8AA /* GameSlider.swift */; };
		A2A2785126BCDFC70054A8AA /* GameManager.swift in Sources */ = {isa = PBXBuildFile; fileRef = A2A2785026BCDFC70054A8AA /* GameManager.swift */; };
		A2A2785326BCE2A60054A8AA /* GameTitle.swift in Sources */ = {isa = PBXBuildFile; fileRef = A2A2785226BCE2A60054A8AA /* GameTitle.swift */; };
		A2A2785826BCF8710054A8AA /* CheckResultButton.swift in Sources */ = {isa = PBXBuildFile; fileRef = A2A2785726BCF8710054A8AA /* CheckResultButton.swift */; };
		A2A2785A26BCFAB80054A8AA /* NewGameButton.swift in Sources */ = {isa = PBXBuildFile; fileRef = A2A2785926BCFAB80054A8AA /* NewGameButton.swift */; };
		A2A2785D26BCFC5E0054A8AA /* ButtonStyle.swift in Sources */ = {isa = PBXBuildFile; fileRef = A2A2785C26BCFC5E0054A8AA /* ButtonStyle.swift */; };
/* End PBXBuildFile section */

/* Begin PBXFileReference section */
		A2A2783426BCD8F40054A8AA /* GameSlider.app */ = {isa = PBXFileReference; explicitFileType = wrapper.application; includeInIndex = 0; path = GameSlider.app; sourceTree = BUILT_PRODUCTS_DIR; };
		A2A2783726BCD8F40054A8AA /* GameSliderApp.swift */ = {isa = PBXFileReference; lastKnownFileType = sourcecode.swift; path = GameSliderApp.swift; sourceTree = "<group>"; };
		A2A2783926BCD8F40054A8AA /* MainView.swift */ = {isa = PBXFileReference; lastKnownFileType = sourcecode.swift; path = MainView.swift; sourceTree = "<group>"; };
		A2A2783B26BCD8F50054A8AA /* Assets.xcassets */ = {isa = PBXFileReference; lastKnownFileType = folder.assetcatalog; path = Assets.xcassets; sourceTree = "<group>"; };
		A2A2783E26BCD8F50054A8AA /* Preview Assets.xcassets */ = {isa = PBXFileReference; lastKnownFileType = folder.assetcatalog; path = "Preview Assets.xcassets"; sourceTree = "<group>"; };
		A2A2784026BCD8F50054A8AA /* Info.plist */ = {isa = PBXFileReference; lastKnownFileType = text.plist.xml; path = Info.plist; sourceTree = "<group>"; };
		A2A2784A26BCDA320054A8AA /* Slider.swift */ = {isa = PBXFileReference; lastKnownFileType = sourcecode.swift; path = Slider.swift; sourceTree = "<group>"; };
		A2A2784D26BCDE0A0054A8AA /* GameSlider.swift */ = {isa = PBXFileReference; lastKnownFileType = sourcecode.swift; path = GameSlider.swift; sourceTree = "<group>"; };
		A2A2785026BCDFC70054A8AA /* GameManager.swift */ = {isa = PBXFileReference; lastKnownFileType = sourcecode.swift; path = GameManager.swift; sourceTree = "<group>"; };
		A2A2785226BCE2A60054A8AA /* GameTitle.swift */ = {isa = PBXFileReference; lastKnownFileType = sourcecode.swift; path = GameTitle.swift; sourceTree = "<group>"; };
		A2A2785726BCF8710054A8AA /* CheckResultButton.swift */ = {isa = PBXFileReference; lastKnownFileType = sourcecode.swift; path = CheckResultButton.swift; sourceTree = "<group>"; };
		A2A2785926BCFAB80054A8AA /* NewGameButton.swift */ = {isa = PBXFileReference; lastKnownFileType = sourcecode.swift; path = NewGameButton.swift; sourceTree = "<group>"; };
		A2A2785C26BCFC5E0054A8AA /* ButtonStyle.swift */ = {isa = PBXFileReference; lastKnownFileType = sourcecode.swift; path = ButtonStyle.swift; sourceTree = "<group>"; };
/* End PBXFileReference section */

/* Begin PBXFrameworksBuildPhase section */
		A2A2783126BCD8F40054A8AA /* Frameworks */ = {
			isa = PBXFrameworksBuildPhase;
			buildActionMask = 2147483647;
			files = (
			);
			runOnlyForDeploymentPostprocessing = 0;
		};
/* End PBXFrameworksBuildPhase section */

/* Begin PBXGroup section */
		A2A2782B26BCD8F40054A8AA = {
			isa = PBXGroup;
			children = (
				A2A2783626BCD8F40054A8AA /* GameSlider */,
				A2A2783526BCD8F40054A8AA /* Products */,
			);
			sourceTree = "<group>";
		};
		A2A2783526BCD8F40054A8AA /* Products */ = {
			isa = PBXGroup;
			children = (
				A2A2783426BCD8F40054A8AA /* GameSlider.app */,
			);
			name = Products;
			sourceTree = "<group>";
		};
		A2A2783626BCD8F40054A8AA /* GameSlider */ = {
			isa = PBXGroup;
			children = (
				A2A2784726BCD9140054A8AA /* Application */,
				A2A2784F26BCDFB70054A8AA /* Managers */,
				A2A2784926BCDA1E0054A8AA /* UIKitViews */,
				A2A2784C26BCDDF80054A8AA /* Views */,
				A2A2785B26BCFC520054A8AA /* ViewModifiers */,
				A2A2784826BCD91C0054A8AA /* Screens */,
				A2A2784626BCD9080054A8AA /* Resources */,
				A2A2783D26BCD8F50054A8AA /* Preview Content */,
			);
			path = GameSlider;
			sourceTree = "<group>";
		};
		A2A2783D26BCD8F50054A8AA /* Preview Content */ = {
			isa = PBXGroup;
			children = (
				A2A2783E26BCD8F50054A8AA /* Preview Assets.xcassets */,
			);
			path = "Preview Content";
			sourceTree = "<group>";
		};
		A2A2784626BCD9080054A8AA /* Resources */ = {
			isa = PBXGroup;
			children = (
				A2A2783B26BCD8F50054A8AA /* Assets.xcassets */,
				A2A2784026BCD8F50054A8AA /* Info.plist */,
			);
			path = Resources;
			sourceTree = "<group>";
		};
		A2A2784726BCD9140054A8AA /* Application */ = {
			isa = PBXGroup;
			children = (
				A2A2783726BCD8F40054A8AA /* GameSliderApp.swift */,
			);
			path = Application;
			sourceTree = "<group>";
		};
		A2A2784826BCD91C0054A8AA /* Screens */ = {
			isa = PBXGroup;
			children = (
				A2A2783926BCD8F40054A8AA /* MainView.swift */,
			);
			path = Screens;
			sourceTree = "<group>";
		};
		A2A2784926BCDA1E0054A8AA /* UIKitViews */ = {
			isa = PBXGroup;
			children = (
				A2A2784A26BCDA320054A8AA /* Slider.swift */,
			);
			path = UIKitViews;
			sourceTree = "<group>";
		};
		A2A2784C26BCDDF80054A8AA /* Views */ = {
			isa = PBXGroup;
			children = (
				A2A2784D26BCDE0A0054A8AA /* GameSlider.swift */,
				A2A2785226BCE2A60054A8AA /* GameTitle.swift */,
				A2A2785726BCF8710054A8AA /* CheckResultButton.swift */,
				A2A2785926BCFAB80054A8AA /* NewGameButton.swift */,
			);
			path = Views;
			sourceTree = "<group>";
		};
		A2A2784F26BCDFB70054A8AA /* Managers */ = {
			isa = PBXGroup;
			children = (
				A2A2785026BCDFC70054A8AA /* GameManager.swift */,
			);
			path = Managers;
			sourceTree = "<group>";
		};
		A2A2785B26BCFC520054A8AA /* ViewModifiers */ = {
			isa = PBXGroup;
			children = (
				A2A2785C26BCFC5E0054A8AA /* ButtonStyle.swift */,
			);
			path = ViewModifiers;
			sourceTree = "<group>";
		};
/* End PBXGroup section */

/* Begin PBXNativeTarget section */
		A2A2783326BCD8F40054A8AA /* GameSlider */ = {
			isa = PBXNativeTarget;
			buildConfigurationList = A2A2784326BCD8F50054A8AA /* Build configuration list for PBXNativeTarget "GameSlider" */;
			buildPhases = (
				A2A2783026BCD8F40054A8AA /* Sources */,
				A2A2783126BCD8F40054A8AA /* Frameworks */,
				A2A2783226BCD8F40054A8AA /* Resources */,
			);
			buildRules = (
			);
			dependencies = (
			);
			name = GameSlider;
			productName = GameSlider;
			productReference = A2A2783426BCD8F40054A8AA /* GameSlider.app */;
			productType = "com.apple.product-type.application";
		};
/* End PBXNativeTarget section */

/* Begin PBXProject section */
		A2A2782C26BCD8F40054A8AA /* Project object */ = {
			isa = PBXProject;
			attributes = {
				LastSwiftUpdateCheck = 1250;
				LastUpgradeCheck = 1250;
				TargetAttributes = {
					A2A2783326BCD8F40054A8AA = {
						CreatedOnToolsVersion = 12.5.1;
					};
				};
			};
			buildConfigurationList = A2A2782F26BCD8F40054A8AA /* Build configuration list for PBXProject "GameSlider" */;
			compatibilityVersion = "Xcode 9.3";
			developmentRegion = en;
			hasScannedForEncodings = 0;
			knownRegions = (
				en,
				Base,
			);
			mainGroup = A2A2782B26BCD8F40054A8AA;
			productRefGroup = A2A2783526BCD8F40054A8AA /* Products */;
			projectDirPath = "";
			projectRoot = "";
			targets = (
				A2A2783326BCD8F40054A8AA /* GameSlider */,
			);
		};
/* End PBXProject section */

/* Begin PBXResourcesBuildPhase section */
		A2A2783226BCD8F40054A8AA /* Resources */ = {
			isa = PBXResourcesBuildPhase;
			buildActionMask = 2147483647;
			files = (
				A2A2783F26BCD8F50054A8AA /* Preview Assets.xcassets in Resources */,
				A2A2783C26BCD8F50054A8AA /* Assets.xcassets in Resources */,
			);
			runOnlyForDeploymentPostprocessing = 0;
		};
/* End PBXResourcesBuildPhase section */

/* Begin PBXSourcesBuildPhase section */
		A2A2783026BCD8F40054A8AA /* Sources */ = {
			isa = PBXSourcesBuildPhase;
			buildActionMask = 2147483647;
			files = (
				A2A2784E26BCDE0A0054A8AA /* GameSlider.swift in Sources */,
				A2A2783A26BCD8F40054A8AA /* MainView.swift in Sources */,
				A2A2785326BCE2A60054A8AA /* GameTitle.swift in Sources */,
				A2A2784B26BCDA320054A8AA /* Slider.swift in Sources */,
				A2A2783826BCD8F40054A8AA /* GameSliderApp.swift in Sources */,
				A2A2785826BCF8710054A8AA /* CheckResultButton.swift in Sources */,
				A2A2785D26BCFC5E0054A8AA /* ButtonStyle.swift in Sources */,
				A2A2785A26BCFAB80054A8AA /* NewGameButton.swift in Sources */,
				A2A2785126BCDFC70054A8AA /* GameManager.swift in Sources */,
			);
			runOnlyForDeploymentPostprocessing = 0;
		};
/* End PBXSourcesBuildPhase section */

/* Begin XCBuildConfiguration section */
		A2A2784126BCD8F50054A8AA /* Debug */ = {
			isa = XCBuildConfiguration;
			buildSettings = {
				ALWAYS_SEARCH_USER_PATHS = NO;
				CLANG_ANALYZER_NONNULL = YES;
				CLANG_ANALYZER_NUMBER_OBJECT_CONVERSION = YES_AGGRESSIVE;
				CLANG_CXX_LANGUAGE_STANDARD = "gnu++14";
				CLANG_CXX_LIBRARY = "libc++";
				CLANG_ENABLE_MODULES = YES;
				CLANG_ENABLE_OBJC_ARC = YES;
				CLANG_ENABLE_OBJC_WEAK = YES;
				CLANG_WARN_BLOCK_CAPTURE_AUTORELEASING = YES;
				CLANG_WARN_BOOL_CONVERSION = YES;
				CLANG_WARN_COMMA = YES;
				CLANG_WARN_CONSTANT_CONVERSION = YES;
				CLANG_WARN_DEPRECATED_OBJC_IMPLEMENTATIONS = YES;
				CLANG_WARN_DIRECT_OBJC_ISA_USAGE = YES_ERROR;
				CLANG_WARN_DOCUMENTATION_COMMENTS = YES;
				CLANG_WARN_EMPTY_BODY = YES;
				CLANG_WARN_ENUM_CONVERSION = YES;
				CLANG_WARN_INFINITE_RECURSION = YES;
				CLANG_WARN_INT_CONVERSION = YES;
				CLANG_WARN_NON_LITERAL_NULL_CONVERSION = YES;
				CLANG_WARN_OBJC_IMPLICIT_RETAIN_SELF = YES;
				CLANG_WARN_OBJC_LITERAL_CONVERSION = YES;
				CLANG_WARN_OBJC_ROOT_CLASS = YES_ERROR;
				CLANG_WARN_QUOTED_INCLUDE_IN_FRAMEWORK_HEADER = YES;
				CLANG_WARN_RANGE_LOOP_ANALYSIS = YES;
				CLANG_WARN_STRICT_PROTOTYPES = YES;
				CLANG_WARN_SUSPICIOUS_MOVE = YES;
				CLANG_WARN_UNGUARDED_AVAILABILITY = YES_AGGRESSIVE;
				CLANG_WARN_UNREACHABLE_CODE = YES;
				CLANG_WARN__DUPLICATE_METHOD_MATCH = YES;
				COPY_PHASE_STRIP = NO;
				DEBUG_INFORMATION_FORMAT = dwarf;
				ENABLE_STRICT_OBJC_MSGSEND = YES;
				ENABLE_TESTABILITY = YES;
				GCC_C_LANGUAGE_STANDARD = gnu11;
				GCC_DYNAMIC_NO_PIC = NO;
				GCC_NO_COMMON_BLOCKS = YES;
				GCC_OPTIMIZATION_LEVEL = 0;
				GCC_PREPROCESSOR_DEFINITIONS = (
					"DEBUG=1",
					"$(inherited)",
				);
				GCC_WARN_64_TO_32_BIT_CONVERSION = YES;
				GCC_WARN_ABOUT_RETURN_TYPE = YES_ERROR;
				GCC_WARN_UNDECLARED_SELECTOR = YES;
				GCC_WARN_UNINITIALIZED_AUTOS = YES_AGGRESSIVE;
				GCC_WARN_UNUSED_FUNCTION = YES;
				GCC_WARN_UNUSED_VARIABLE = YES;
				IPHONEOS_DEPLOYMENT_TARGET = 14.5;
				MTL_ENABLE_DEBUG_INFO = INCLUDE_SOURCE;
				MTL_FAST_MATH = YES;
				ONLY_ACTIVE_ARCH = YES;
				SDKROOT = iphoneos;
				SWIFT_ACTIVE_COMPILATION_CONDITIONS = DEBUG;
				SWIFT_OPTIMIZATION_LEVEL = "-Onone";
			};
			name = Debug;
		};
		A2A2784226BCD8F50054A8AA /* Release */ = {
			isa = XCBuildConfiguration;
			buildSettings = {
				ALWAYS_SEARCH_USER_PATHS = NO;
				CLANG_ANALYZER_NONNULL = YES;
				CLANG_ANALYZER_NUMBER_OBJECT_CONVERSION = YES_AGGRESSIVE;
				CLANG_CXX_LANGUAGE_STANDARD = "gnu++14";
				CLANG_CXX_LIBRARY = "libc++";
				CLANG_ENABLE_MODULES = YES;
				CLANG_ENABLE_OBJC_ARC = YES;
				CLANG_ENABLE_OBJC_WEAK = YES;
				CLANG_WARN_BLOCK_CAPTURE_AUTORELEASING = YES;
				CLANG_WARN_BOOL_CONVERSION = YES;
				CLANG_WARN_COMMA = YES;
				CLANG_WARN_CONSTANT_CONVERSION = YES;
				CLANG_WARN_DEPRECATED_OBJC_IMPLEMENTATIONS = YES;
				CLANG_WARN_DIRECT_OBJC_ISA_USAGE = YES_ERROR;
				CLANG_WARN_DOCUMENTATION_COMMENTS = YES;
				CLANG_WARN_EMPTY_BODY = YES;
				CLANG_WARN_ENUM_CONVERSION = YES;
				CLANG_WARN_INFINITE_RECURSION = YES;
				CLANG_WARN_INT_CONVERSION = YES;
				CLANG_WARN_NON_LITERAL_NULL_CONVERSION = YES;
				CLANG_WARN_OBJC_IMPLICIT_RETAIN_SELF = YES;
				CLANG_WARN_OBJC_LITERAL_CONVERSION = YES;
				CLANG_WARN_OBJC_ROOT_CLASS = YES_ERROR;
				CLANG_WARN_QUOTED_INCLUDE_IN_FRAMEWORK_HEADER = YES;
				CLANG_WARN_RANGE_LOOP_ANALYSIS = YES;
				CLANG_WARN_STRICT_PROTOTYPES = YES;
				CLANG_WARN_SUSPICIOUS_MOVE = YES;
				CLANG_WARN_UNGUARDED_AVAILABILITY = YES_AGGRESSIVE;
				CLANG_WARN_UNREACHABLE_CODE = YES;
				CLANG_WARN__DUPLICATE_METHOD_MATCH = YES;
				COPY_PHASE_STRIP = NO;
				DEBUG_INFORMATION_FORMAT = "dwarf-with-dsym";
				ENABLE_NS_ASSERTIONS = NO;
				ENABLE_STRICT_OBJC_MSGSEND = YES;
				GCC_C_LANGUAGE_STANDARD = gnu11;
				GCC_NO_COMMON_BLOCKS = YES;
				GCC_WARN_64_TO_32_BIT_CONVERSION = YES;
				GCC_WARN_ABOUT_RETURN_TYPE = YES_ERROR;
				GCC_WARN_UNDECLARED_SELECTOR = YES;
				GCC_WARN_UNINITIALIZED_AUTOS = YES_AGGRESSIVE;
				GCC_WARN_UNUSED_FUNCTION = YES;
				GCC_WARN_UNUSED_VARIABLE = YES;
				IPHONEOS_DEPLOYMENT_TARGET = 14.5;
				MTL_ENABLE_DEBUG_INFO = NO;
				MTL_FAST_MATH = YES;
				SDKROOT = iphoneos;
				SWIFT_COMPILATION_MODE = wholemodule;
				SWIFT_OPTIMIZATION_LEVEL = "-O";
				VALIDATE_PRODUCT = YES;
			};
			name = Release;
		};
		A2A2784426BCD8F50054A8AA /* Debug */ = {
			isa = XCBuildConfiguration;
			buildSettings = {
				ASSETCATALOG_COMPILER_APPICON_NAME = AppIcon;
				ASSETCATALOG_COMPILER_GLOBAL_ACCENT_COLOR_NAME = AccentColor;
				CODE_SIGN_STYLE = Automatic;
				DEVELOPMENT_ASSET_PATHS = "\"GameSlider/Preview Content\"";
				DEVELOPMENT_TEAM = HP2GYZ69BY;
				ENABLE_PREVIEWS = YES;
				INFOPLIST_FILE = GameSlider/Resources/Info.plist;
				IPHONEOS_DEPLOYMENT_TARGET = 14.0;
				LD_RUNPATH_SEARCH_PATHS = (
					"$(inherited)",
					"@executable_path/Frameworks",
				);
				PRODUCT_BUNDLE_IDENTIFIER = ru.bearcode.GameSlider;
				PRODUCT_NAME = "$(TARGET_NAME)";
				SWIFT_VERSION = 5.0;
				TARGETED_DEVICE_FAMILY = "1,2";
			};
			name = Debug;
		};
		A2A2784526BCD8F50054A8AA /* Release */ = {
			isa = XCBuildConfiguration;
			buildSettings = {
				ASSETCATALOG_COMPILER_APPICON_NAME = AppIcon;
				ASSETCATALOG_COMPILER_GLOBAL_ACCENT_COLOR_NAME = AccentColor;
				CODE_SIGN_STYLE = Automatic;
				DEVELOPMENT_ASSET_PATHS = "\"GameSlider/Preview Content\"";
				DEVELOPMENT_TEAM = HP2GYZ69BY;
				ENABLE_PREVIEWS = YES;
				INFOPLIST_FILE = GameSlider/Resources/Info.plist;
				IPHONEOS_DEPLOYMENT_TARGET = 14.0;
				LD_RUNPATH_SEARCH_PATHS = (
					"$(inherited)",
					"@executable_path/Frameworks",
				);
				PRODUCT_BUNDLE_IDENTIFIER = ru.bearcode.GameSlider;
				PRODUCT_NAME = "$(TARGET_NAME)";
				SWIFT_VERSION = 5.0;
				TARGETED_DEVICE_FAMILY = "1,2";
			};
			name = Release;
		};
/* End XCBuildConfiguration section */

/* Begin XCConfigurationList section */
		A2A2782F26BCD8F40054A8AA /* Build configuration list for PBXProject "GameSlider" */ = {
			isa = XCConfigurationList;
			buildConfigurations = (
				A2A2784126BCD8F50054A8AA /* Debug */,
				A2A2784226BCD8F50054A8AA /* Release */,
			);
			defaultConfigurationIsVisible = 0;
			defaultConfigurationName = Release;
		};
		A2A2784326BCD8F50054A8AA /* Build configuration list for PBXNativeTarget "GameSlider" */ = {
			isa = XCConfigurationList;
			buildConfigurations = (
				A2A2784426BCD8F50054A8AA /* Debug */,
				A2A2784526BCD8F50054A8AA /* Release */,
			);
			defaultConfigurationIsVisible = 0;
			defaultConfigurationName = Release;
		};
/* End XCConfigurationList section */
	};
	rootObject = A2A2782C26BCD8F40054A8AA /* Project object */;
}
